schema: '2.0'
stages:
  prepare_repositories:
    cmd: python src/ml/sca/repo.py
    deps:
    - path: src/ml/__init__.py
      hash: md5
      md5: aac204575291425f69e2c32b0fc5a0ca
      size: 6226
    - path: src/ml/sca/repo.py
      hash: md5
      md5: bab375e5b87d4d0d3f966a0911cb9b35
      size: 20288
    outs:
    - path: results/sca/git_analysis/1_ALL_LIBRARIES.csv
      hash: md5
      md5: e388424e4410691d164501874cb0a8d9
      size: 2438
  run_source_code_analysis:
    cmd: python -m ml.sca repositories results
    deps:
    - path: results/sca/git_analysis/1_ALL_LIBRARIES.csv
      hash: md5
      md5: e388424e4410691d164501874cb0a8d9
      size: 2438
    - path: src/ml/__init__.py
      hash: md5
      md5: aac204575291425f69e2c32b0fc5a0ca
      size: 6226
    - path: src/ml/sca/__init__.py
      hash: md5
      md5: d88cafae2fc7c755ea3a558eb939efbe
      size: 98
    - path: src/ml/sca/__main__.py
      hash: md5
      md5: e6d877d0d3315236d71e193a8d3376a0
      size: 1607
    - path: src/ml/sca/analysis.py
      hash: md5
      md5: 311f7864539b7c091b7648077b3365b2
      size: 39501
    - path: src/ml/sca/repo.py
      hash: md5
      md5: bab375e5b87d4d0d3f966a0911cb9b35
      size: 20288
    - path: src/ml/sca/reporting.py
      hash: md5
      md5: bcf5517580d24e55c7ed6cf16b85f4df
      size: 59264
    outs:
    - path: results/sca/SUMMARY/T_summary.csv
      hash: md5
      md5: fca039ab533e25159fd9341eab042a9c
      size: 11974
  run_anomaly_detection:
    cmd: python -m ml.ad
    deps:
    - path: data/SKAB
      hash: md5
      md5: 9b4a074f4eee7d4e78948b9fb3343156.dir
      size: 4404815
      nfiles: 36
    - path: src/ml/ad/__main__.py
      hash: md5
      md5: 807301305aa5b569794bf9285e626250
      size: 13922
    - path: src/ml/ad/anomaly_detection.py
      hash: md5
      md5: 9f2534ca7c1ff979b74a2949402ce504
      size: 5284
    outs:
    - path: results/ad/all_metadata.json
      hash: md5
      md5: daf222a3a9e80e4ca6489dd26c79d85a
      size: 16953
  run_anomaly_detection@0:
    cmd: python -m ml.ad --contamination None
    deps:
    - path: data/SKAB
      hash: md5
      md5: 9b4a074f4eee7d4e78948b9fb3343156.dir
      size: 4404815
      nfiles: 36
    - path: src/ml/ad/__main__.py
      hash: md5
      md5: 71a825fab390521321dcb95185ad8c31
      size: 6381
    - path: src/ml/ad/anomaly_detection.py
      hash: md5
      md5: 924b6bd84f515949900c3dad15d539d1
      size: 6156
    - path: src/ml/ad/training.py
      hash: md5
      md5: 84d05bd2421c89dfac3023edd2c92d08
      size: 26575
    outs:
    - path: results/ad/contamination_None/all_metadata.json
      hash: md5
      md5: cf4e3146682b4d01acca5bf668903760
      size: 17932
  run_anomaly_detection@1:
    cmd: python -m ml.ad --contamination 0.1
    deps:
    - path: data/SKAB
      hash: md5
      md5: 9b4a074f4eee7d4e78948b9fb3343156.dir
      size: 4404815
      nfiles: 36
    - path: src/ml/ad/__main__.py
      hash: md5
      md5: 71a825fab390521321dcb95185ad8c31
      size: 6381
    - path: src/ml/ad/anomaly_detection.py
      hash: md5
      md5: 924b6bd84f515949900c3dad15d539d1
      size: 6156
    - path: src/ml/ad/training.py
      hash: md5
      md5: 84d05bd2421c89dfac3023edd2c92d08
      size: 26575
    outs:
    - path: results/ad/contamination_0.1/all_metadata.json
      hash: md5
      md5: 92afcc229112ce8c4f36cd8e52b58a69
      size: 17653
  run_anomaly_detection@2:
    cmd: python -m ml.ad --contamination 0.2
    deps:
    - path: data/SKAB
      hash: md5
      md5: 9b4a074f4eee7d4e78948b9fb3343156.dir
      size: 4404815
      nfiles: 36
    - path: src/ml/ad/__main__.py
      hash: md5
      md5: 71a825fab390521321dcb95185ad8c31
      size: 6381
    - path: src/ml/ad/anomaly_detection.py
      hash: md5
      md5: 924b6bd84f515949900c3dad15d539d1
      size: 6156
    - path: src/ml/ad/training.py
      hash: md5
      md5: 84d05bd2421c89dfac3023edd2c92d08
      size: 26575
    outs:
    - path: results/ad/contamination_0.2/all_metadata.json
      hash: md5
      md5: c51fb90b92a7dad96000dde8667704ac
      size: 17653
  run_anomaly_detection@3:
    cmd: python -m ml.ad --contamination 0.3
    deps:
    - path: data/SKAB
      hash: md5
      md5: 9b4a074f4eee7d4e78948b9fb3343156.dir
      size: 4404815
      nfiles: 36
    - path: src/ml/ad/__main__.py
      hash: md5
      md5: 71a825fab390521321dcb95185ad8c31
      size: 6381
    - path: src/ml/ad/anomaly_detection.py
      hash: md5
      md5: 924b6bd84f515949900c3dad15d539d1
      size: 6156
    - path: src/ml/ad/training.py
      hash: md5
      md5: 84d05bd2421c89dfac3023edd2c92d08
      size: 26575
    outs:
    - path: results/ad/contamination_0.3/all_metadata.json
      hash: md5
      md5: bd84ae4913e217e2de789c6c5b11d27b
      size: 17653
  run_anomaly_detection@4:
    cmd: python -m ml.ad --contamination 0.4
    deps:
    - path: data/SKAB
      hash: md5
      md5: 9b4a074f4eee7d4e78948b9fb3343156.dir
      size: 4404815
      nfiles: 36
    - path: src/ml/ad/__main__.py
      hash: md5
      md5: 71a825fab390521321dcb95185ad8c31
      size: 6381
    - path: src/ml/ad/anomaly_detection.py
      hash: md5
      md5: 924b6bd84f515949900c3dad15d539d1
      size: 6156
    - path: src/ml/ad/training.py
      hash: md5
      md5: 84d05bd2421c89dfac3023edd2c92d08
      size: 26575
    outs:
    - path: results/ad/contamination_0.4/all_metadata.json
      hash: md5
      md5: 3a46dc8e453f93b8c1429a2a54edcc22
      size: 17653
  run_anomaly_detection@None-LunarADModel:
    cmd: python -m ml.ad --contamination None --tool LunarADModel --verbosity 1 --plots
      skip_existing
    deps:
    - path: data/SKAB
      hash: md5
      md5: 9b4a074f4eee7d4e78948b9fb3343156.dir
      size: 4404815
      nfiles: 36
    - path: src/ml/ad/__main__.py
      hash: md5
      md5: 344a9f60561e7e323fc088b38bd4e6eb
      size: 10376
    - path: src/ml/ad/anomaly_detection.py
      hash: md5
      md5: 9effe80bf5e36864436c96d8653c0c5e
      size: 9970
    - path: src/ml/ad/training.py
      hash: md5
      md5: 8d31cd31bf468b925bb9dcdb2afd540e
      size: 19017
    outs:
    - path: results/ad/LunarADModel/contamination_None/all_metadata.json
      hash: md5
      md5: db489f8371d05f0230ce2fb650bc8b82
      size: 17933
  run_anomaly_detection@None-TimeSeriesODModel:
    cmd: python -m ml.ad --contamination None --tool TimeSeriesODModel --verbosity
      1 --plots skip_existing
    deps:
    - path: data/SKAB
      hash: md5
      md5: 9b4a074f4eee7d4e78948b9fb3343156.dir
      size: 4404815
      nfiles: 36
    - path: src/ml/ad/__main__.py
      hash: md5
      md5: 344a9f60561e7e323fc088b38bd4e6eb
      size: 10376
    - path: src/ml/ad/anomaly_detection.py
      hash: md5
      md5: 9effe80bf5e36864436c96d8653c0c5e
      size: 9970
    - path: src/ml/ad/training.py
      hash: md5
      md5: 8d31cd31bf468b925bb9dcdb2afd540e
      size: 19017
    outs:
    - path: results/ad/TimeSeriesODModel/contamination_None/all_metadata.json
      hash: md5
      md5: db489f8371d05f0230ce2fb650bc8b82
      size: 17933
  run_anomaly_detection@0.1-LunarADModel:
    cmd: python -m ml.ad --contamination 0.1 --tool LunarADModel --verbosity 1 --plots
      skip_existing
    deps:
    - path: data/SKAB
      hash: md5
      md5: 9b4a074f4eee7d4e78948b9fb3343156.dir
      size: 4404815
      nfiles: 36
    - path: src/ml/ad/__main__.py
      hash: md5
      md5: 344a9f60561e7e323fc088b38bd4e6eb
      size: 10376
    - path: src/ml/ad/anomaly_detection.py
      hash: md5
      md5: 9effe80bf5e36864436c96d8653c0c5e
      size: 9970
    - path: src/ml/ad/training.py
      hash: md5
      md5: 8d31cd31bf468b925bb9dcdb2afd540e
      size: 19017
    outs:
    - path: results/ad/LunarADModel/contamination_0.1/all_metadata.json
      hash: md5
      md5: f23c983b21d835a5b308671478497394
      size: 17613
  run_anomaly_detection@0.1-TimeSeriesODModel:
    cmd: python -m ml.ad --contamination 0.1 --tool TimeSeriesODModel --verbosity
      1 --plots skip_existing
    deps:
    - path: data/SKAB
      hash: md5
      md5: 9b4a074f4eee7d4e78948b9fb3343156.dir
      size: 4404815
      nfiles: 36
    - path: src/ml/ad/__main__.py
      hash: md5
      md5: 344a9f60561e7e323fc088b38bd4e6eb
      size: 10376
    - path: src/ml/ad/anomaly_detection.py
      hash: md5
      md5: 9effe80bf5e36864436c96d8653c0c5e
      size: 9970
    - path: src/ml/ad/training.py
      hash: md5
      md5: 8d31cd31bf468b925bb9dcdb2afd540e
      size: 19017
    outs:
    - path: results/ad/TimeSeriesODModel/contamination_0.1/all_metadata.json
      hash: md5
      md5: f23c983b21d835a5b308671478497394
      size: 17613
  run_anomaly_detection@0.2-LunarADModel:
    cmd: python -m ml.ad --contamination 0.2 --tool LunarADModel --verbosity 1 --plots
      skip_existing
    deps:
    - path: data/SKAB
      hash: md5
      md5: 9b4a074f4eee7d4e78948b9fb3343156.dir
      size: 4404815
      nfiles: 36
    - path: src/ml/ad/__main__.py
      hash: md5
      md5: 344a9f60561e7e323fc088b38bd4e6eb
      size: 10376
    - path: src/ml/ad/anomaly_detection.py
      hash: md5
      md5: 9effe80bf5e36864436c96d8653c0c5e
      size: 9970
    - path: src/ml/ad/training.py
      hash: md5
      md5: 8d31cd31bf468b925bb9dcdb2afd540e
      size: 19017
    outs:
    - path: results/ad/LunarADModel/contamination_0.2/all_metadata.json
      hash: md5
      md5: f7a6a28a775e9a4dde97ca101c6783e9
      size: 17613
  run_anomaly_detection@0.2-TimeSeriesODModel:
    cmd: python -m ml.ad --contamination 0.2 --tool TimeSeriesODModel --verbosity
      1 --plots skip_existing
    deps:
    - path: data/SKAB
      hash: md5
      md5: 9b4a074f4eee7d4e78948b9fb3343156.dir
      size: 4404815
      nfiles: 36
    - path: src/ml/ad/__main__.py
      hash: md5
      md5: 344a9f60561e7e323fc088b38bd4e6eb
      size: 10376
    - path: src/ml/ad/anomaly_detection.py
      hash: md5
      md5: 9effe80bf5e36864436c96d8653c0c5e
      size: 9970
    - path: src/ml/ad/training.py
      hash: md5
      md5: 8d31cd31bf468b925bb9dcdb2afd540e
      size: 19017
    outs:
    - path: results/ad/TimeSeriesODModel/contamination_0.2/all_metadata.json
      hash: md5
      md5: f7a6a28a775e9a4dde97ca101c6783e9
      size: 17613
  run_anomaly_detection@None-PyCaretADModel:
    cmd: python -m ml.ad --contamination None --tool PyCaretADModel --verbosity 1
      --plots skip_existing
    deps:
    - path: data/SKAB
      hash: md5
      md5: 9b4a074f4eee7d4e78948b9fb3343156.dir
      size: 4404815
      nfiles: 36
    - path: src/ml/ad/__main__.py
      hash: md5
      md5: 344a9f60561e7e323fc088b38bd4e6eb
      size: 10376
    - path: src/ml/ad/anomaly_detection.py
      hash: md5
      md5: 9effe80bf5e36864436c96d8653c0c5e
      size: 9970
    - path: src/ml/ad/training.py
      hash: md5
      md5: 8d31cd31bf468b925bb9dcdb2afd540e
      size: 19017
    outs:
    - path: results/ad/PyCaretADModel/contamination_None/all_metadata.json
      hash: md5
      md5: f799efe8e9f8ca98ba93c5c9d04f4211
      size: 17793
  run_anomaly_detection@0.1-PyCaretADModel:
    cmd: python -m ml.ad --contamination 0.1 --tool PyCaretADModel --verbosity 1 --plots
      skip_existing
    deps:
    - path: data/SKAB
      hash: md5
      md5: 9b4a074f4eee7d4e78948b9fb3343156.dir
      size: 4404815
      nfiles: 36
    - path: src/ml/ad/__main__.py
      hash: md5
      md5: 344a9f60561e7e323fc088b38bd4e6eb
      size: 10376
    - path: src/ml/ad/anomaly_detection.py
      hash: md5
      md5: 9effe80bf5e36864436c96d8653c0c5e
      size: 9970
    - path: src/ml/ad/training.py
      hash: md5
      md5: 8d31cd31bf468b925bb9dcdb2afd540e
      size: 19017
    outs:
    - path: results/ad/PyCaretADModel/contamination_0.1/all_metadata.json
      hash: md5
      md5: 1ca2c0f33663bc5091852e58d595ee61
      size: 17473
  run_anomaly_detection@0.2-PyCaretADModel:
    cmd: python -m ml.ad --contamination 0.2 --tool PyCaretADModel --verbosity 1 --plots
      skip_existing
    deps:
    - path: data/SKAB
      hash: md5
      md5: 9b4a074f4eee7d4e78948b9fb3343156.dir
      size: 4404815
      nfiles: 36
    - path: src/ml/ad/__main__.py
      hash: md5
      md5: 344a9f60561e7e323fc088b38bd4e6eb
      size: 10376
    - path: src/ml/ad/anomaly_detection.py
      hash: md5
      md5: 9effe80bf5e36864436c96d8653c0c5e
      size: 9970
    - path: src/ml/ad/training.py
      hash: md5
      md5: 8d31cd31bf468b925bb9dcdb2afd540e
      size: 19017
    outs:
    - path: results/ad/PyCaretADModel/contamination_0.2/all_metadata.json
      hash: md5
      md5: 7f3a8d2019b1c0e09b28a83987f201c5
      size: 17473
  run_anomaly_detection@0.3-LunarADModel:
    cmd: python -m ml.ad --contamination 0.3 --tool LunarADModel --verbosity 1 --plots
      skip_existing
    deps:
    - path: data/SKAB
      hash: md5
      md5: 9b4a074f4eee7d4e78948b9fb3343156.dir
      size: 4404815
      nfiles: 36
    - path: src/ml/ad/__main__.py
      hash: md5
      md5: 344a9f60561e7e323fc088b38bd4e6eb
      size: 10376
    - path: src/ml/ad/anomaly_detection.py
      hash: md5
      md5: 9effe80bf5e36864436c96d8653c0c5e
      size: 9970
    - path: src/ml/ad/training.py
      hash: md5
      md5: 8d31cd31bf468b925bb9dcdb2afd540e
      size: 19017
    outs:
    - path: results/ad/LunarADModel/contamination_0.3/all_metadata.json
      hash: md5
      md5: 10c5f1e62f49e1eb7529bd451ae6df82
      size: 17613
  run_anomaly_detection@0.3-PyCaretADModel:
    cmd: python -m ml.ad --contamination 0.3 --tool PyCaretADModel --verbosity 1 --plots
      skip_existing
    deps:
    - path: data/SKAB
      hash: md5
      md5: 9b4a074f4eee7d4e78948b9fb3343156.dir
      size: 4404815
      nfiles: 36
    - path: src/ml/ad/__main__.py
      hash: md5
      md5: 344a9f60561e7e323fc088b38bd4e6eb
      size: 10376
    - path: src/ml/ad/anomaly_detection.py
      hash: md5
      md5: 9effe80bf5e36864436c96d8653c0c5e
      size: 9970
    - path: src/ml/ad/training.py
      hash: md5
      md5: 8d31cd31bf468b925bb9dcdb2afd540e
      size: 19017
    outs:
    - path: results/ad/PyCaretADModel/contamination_0.3/all_metadata.json
      hash: md5
      md5: e040e8c8249d596c47b8a8cf785757af
      size: 17473
  run_anomaly_detection@0.3-TimeSeriesODModel:
    cmd: python -m ml.ad --contamination 0.3 --tool TimeSeriesODModel --verbosity
      1 --plots skip_existing
    deps:
    - path: data/SKAB
      hash: md5
      md5: 9b4a074f4eee7d4e78948b9fb3343156.dir
      size: 4404815
      nfiles: 36
    - path: src/ml/ad/__main__.py
      hash: md5
      md5: 344a9f60561e7e323fc088b38bd4e6eb
      size: 10376
    - path: src/ml/ad/anomaly_detection.py
      hash: md5
      md5: 9effe80bf5e36864436c96d8653c0c5e
      size: 9970
    - path: src/ml/ad/training.py
      hash: md5
      md5: 8d31cd31bf468b925bb9dcdb2afd540e
      size: 19017
    outs:
    - path: results/ad/TimeSeriesODModel/contamination_0.3/all_metadata.json
      hash: md5
      md5: 10c5f1e62f49e1eb7529bd451ae6df82
      size: 17613
  run_anomaly_detection@0.4-LunarADModel:
    cmd: python -m ml.ad --contamination 0.4 --tool LunarADModel --verbosity 1 --plots
      skip_existing
    deps:
    - path: data/SKAB
      hash: md5
      md5: 9b4a074f4eee7d4e78948b9fb3343156.dir
      size: 4404815
      nfiles: 36
    - path: src/ml/ad/__main__.py
      hash: md5
      md5: 344a9f60561e7e323fc088b38bd4e6eb
      size: 10376
    - path: src/ml/ad/anomaly_detection.py
      hash: md5
      md5: 9effe80bf5e36864436c96d8653c0c5e
      size: 9970
    - path: src/ml/ad/training.py
      hash: md5
      md5: 8d31cd31bf468b925bb9dcdb2afd540e
      size: 19017
    outs:
    - path: results/ad/LunarADModel/contamination_0.4/all_metadata.json
      hash: md5
      md5: 9ae3691bd75d6c8fc85267461ccb87da
      size: 17613
  run_anomaly_detection@0.4-PyCaretADModel:
    cmd: python -m ml.ad --contamination 0.4 --tool PyCaretADModel --verbosity 1 --plots
      skip_existing
    deps:
    - path: data/SKAB
      hash: md5
      md5: 9b4a074f4eee7d4e78948b9fb3343156.dir
      size: 4404815
      nfiles: 36
    - path: src/ml/ad/__main__.py
      hash: md5
      md5: 344a9f60561e7e323fc088b38bd4e6eb
      size: 10376
    - path: src/ml/ad/anomaly_detection.py
      hash: md5
      md5: 9effe80bf5e36864436c96d8653c0c5e
      size: 9970
    - path: src/ml/ad/training.py
      hash: md5
      md5: 8d31cd31bf468b925bb9dcdb2afd540e
      size: 19017
    outs:
    - path: results/ad/PyCaretADModel/contamination_0.4/all_metadata.json
      hash: md5
      md5: 028812299851b5adb4f6f9ccd85f0037
      size: 17473
  run_anomaly_detection@0.4-TimeSeriesODModel:
    cmd: python -m ml.ad --contamination 0.4 --tool TimeSeriesODModel --verbosity
      1 --plots skip_existing
    deps:
    - path: data/SKAB
      hash: md5
      md5: 9b4a074f4eee7d4e78948b9fb3343156.dir
      size: 4404815
      nfiles: 36
    - path: src/ml/ad/__main__.py
      hash: md5
      md5: 344a9f60561e7e323fc088b38bd4e6eb
      size: 10376
    - path: src/ml/ad/anomaly_detection.py
      hash: md5
      md5: 9effe80bf5e36864436c96d8653c0c5e
      size: 9970
    - path: src/ml/ad/training.py
      hash: md5
      md5: 8d31cd31bf468b925bb9dcdb2afd540e
      size: 19017
    outs:
    - path: results/ad/TimeSeriesODModel/contamination_0.4/all_metadata.json
      hash: md5
      md5: 9ae3691bd75d6c8fc85267461ccb87da
      size: 17613
