schema: '2.0'
stages:
  prepare_dataset:
    cmd: python -m ml --task prepare_data --dataset ravdess
    deps:
    - path: src/ml/__init__.py
      hash: md5
      md5: a7dea62602cd14c80785f5757f0b8cca
      size: 1005
    - path: src/ml/configuration.py
      hash: md5
      md5: 21c79cf0b22d24be4acdf36731bcd6c5
      size: 5823
    - path: src/ml/dataset.py
      hash: md5
      md5: 0109770603b71253faa4b33568d0828f
      size: 15811
    outs:
    - path: data/preprocessed/ravdess/df.csv
      hash: md5
      md5: 2eef8e7d6963e6cbebfff94079fba245
      size: 55601
